
Microsoft Visual Studio Solution File, Format Version 12.00
# Visual Studio 15
VisualStudioVersion = 15.0.27703.2026
MinimumVisualStudioVersion = 10.0.40219.1
Project("{FAE04EC0-301F-11D3-BF4B-00C04F79EFBC}") = "WorldRemit", "WorldRemit\WorldRemit.csproj", "{F682352E-5611-4D09-B627-FA1562974BC1}"
EndProject
Global
	GlobalSection(SolutionConfigurationPlatforms) = preSolution
		Debug|Any CPU = Debug|Any CPU
		Release|Any CPU = Release|Any CPU
	EndGlobalSection
	GlobalSection(ProjectConfigurationPlatforms) = postSolution
		{F682352E-5611-4D09-B627-FA1562974BC1}.Debug|Any CPU.ActiveCfg = Debug|Any CPU
		{F682352E-5611-4D09-B627-FA1562974BC1}.Debug|Any CPU.Build.0 = Debug|Any CPU
		{F682352E-5611-4D09-B627-FA1562974BC1}.Release|Any CPU.ActiveCfg = Release|Any CPU
		{F682352E-5611-4D09-B627-FA1562974BC1}.Release|Any CPU.Build.0 = Release|Any CPU
	EndGlobalSection
	GlobalSection(SolutionProperties) = preSolution
		HideSolutionNode = FALSE
	EndGlobalSection
	GlobalSection(ExtensibilityGlobals) = postSolution
		SolutionGuid = {5D5F5B00-44EA-46FB-A935-9433C03AC608}
	EndGlobalSection
EndGlobal
